// !$*UTF8*$!
{
	archiveVersion = 1;
	classes = {
	};
	objectVersion = 77;
	objects = {

/* Begin PBXBuildFile section */
		2A24A58B2EBADF0B00E74423 /* FirebaseAI in Frameworks */ = {isa = PBXBuildFile; productRef = 2A24A58A2EBADF0B00E74423 /* FirebaseAI */; };
		2A24A58D2EBADF0B00E74423 /* FirebaseAILogic in Frameworks */ = {isa = PBXBuildFile; productRef = 2A24A58C2EBADF0B00E74423 /* FirebaseAILogic */; };
		2A24A58F2EBADF0B00E74423 /* FirebaseAnalytics in Frameworks */ = {isa = PBXBuildFile; productRef = 2A24A58E2EBADF0B00E74423 /* FirebaseAnalytics */; };
		2A24A5912EBADF0B00E74423 /* FirebaseAnalyticsCore in Frameworks */ = {isa = PBXBuildFile; productRef = 2A24A5902EBADF0B00E74423 /* FirebaseAnalyticsCore */; };
		2A24A5932EBADF0B00E74423 /* FirebaseAnalyticsIdentitySupport in Frameworks */ = {isa = PBXBuildFile; productRef = 2A24A5922EBADF0B00E74423 /* FirebaseAnalyticsIdentitySupport */; };
		2A24A5952EBADF0B00E74423 /* FirebaseAppCheck in Frameworks */ = {isa = PBXBuildFile; productRef = 2A24A5942EBADF0B00E74423 /* FirebaseAppCheck */; };
		2A24A5972EBADF0B00E74423 /* FirebaseAppDistribution-Beta in Frameworks */ = {isa = PBXBuildFile; productRef = 2A24A5962EBADF0B00E74423 /* FirebaseAppDistribution-Beta */; };
		2A24A5992EBADF0B00E74423 /* FirebaseAuth in Frameworks */ = {isa = PBXBuildFile; productRef = 2A24A5982EBADF0B00E74423 /* FirebaseAuth */; };
		2A24A59B2EBADF0B00E74423 /* FirebaseAuthCombine-Community in Frameworks */ = {isa = PBXBuildFile; productRef = 2A24A59A2EBADF0B00E74423 /* FirebaseAuthCombine-Community */; };
		2A24A59D2EBADF0B00E74423 /* FirebaseCore in Frameworks */ = {isa = PBXBuildFile; productRef = 2A24A59C2EBADF0B00E74423 /* FirebaseCore */; };
		2A24A59F2EBADF0B00E74423 /* FirebaseCrashlytics in Frameworks */ = {isa = PBXBuildFile; productRef = 2A24A59E2EBADF0B00E74423 /* FirebaseCrashlytics */; };
		2A24A5A12EBADF0B00E74423 /* FirebaseDatabase in Frameworks */ = {isa = PBXBuildFile; productRef = 2A24A5A02EBADF0B00E74423 /* FirebaseDatabase */; };
		2A24A5A32EBADF0B00E74423 /* FirebaseFirestore in Frameworks */ = {isa = PBXBuildFile; productRef = 2A24A5A22EBADF0B00E74423 /* FirebaseFirestore */; };
		2A24A5A52EBADF0B00E74423 /* FirebaseFirestoreCombine-Community in Frameworks */ = {isa = PBXBuildFile; productRef = 2A24A5A42EBADF0B00E74423 /* FirebaseFirestoreCombine-Community */; };
		2A24A5A72EBADF0B00E74423 /* FirebaseFunctions in Frameworks */ = {isa = PBXBuildFile; productRef = 2A24A5A62EBADF0B00E74423 /* FirebaseFunctions */; };
		2A24A5A92EBADF0B00E74423 /* FirebaseFunctionsCombine-Community in Frameworks */ = {isa = PBXBuildFile; productRef = 2A24A5A82EBADF0B00E74423 /* FirebaseFunctionsCombine-Community */; };
		2A24A5AB2EBADF0B00E74423 /* FirebaseInAppMessaging-Beta in Frameworks */ = {isa = PBXBuildFile; productRef = 2A24A5AA2EBADF0B00E74423 /* FirebaseInAppMessaging-Beta */; };
		2A24A5AD2EBADF0B00E74423 /* FirebaseInstallations in Frameworks */ = {isa = PBXBuildFile; productRef = 2A24A5AC2EBADF0B00E74423 /* FirebaseInstallations */; };
		2A24A5AF2EBADF0B00E74423 /* FirebaseMessaging in Frameworks */ = {isa = PBXBuildFile; productRef = 2A24A5AE2EBADF0B00E74423 /* FirebaseMessaging */; };
		2A24A5B12EBADF0B00E74423 /* FirebaseMLModelDownloader in Frameworks */ = {isa = PBXBuildFile; productRef = 2A24A5B02EBADF0B00E74423 /* FirebaseMLModelDownloader */; };
		2A24A5B32EBADF0B00E74423 /* FirebasePerformance in Frameworks */ = {isa = PBXBuildFile; productRef = 2A24A5B22EBADF0B00E74423 /* FirebasePerformance */; };
		2A24A5B52EBADF0B00E74423 /* FirebaseRemoteConfig in Frameworks */ = {isa = PBXBuildFile; productRef = 2A24A5B42EBADF0B00E74423 /* FirebaseRemoteConfig */; };
		2A24A5B72EBADF0B00E74423 /* FirebaseStorage in Frameworks */ = {isa = PBXBuildFile; productRef = 2A24A5B62EBADF0B00E74423 /* FirebaseStorage */; };
		2A24A5B92EBADF0B00E74423 /* FirebaseStorageCombine-Community in Frameworks */ = {isa = PBXBuildFile; productRef = 2A24A5B82EBADF0B00E74423 /* FirebaseStorageCombine-Community */; };
/* End PBXBuildFile section */

/* Begin PBXContainerItemProxy section */
		2AC33EF22EBACBFF005F9F75 /* PBXContainerItemProxy */ = {
			isa = PBXContainerItemProxy;
			containerPortal = 2AC33ED92EBACBFD005F9F75 /* Project object */;
			proxyType = 1;
			remoteGlobalIDString = 2AC33EE02EBACBFD005F9F75;
			remoteInfo = FireChat;
		};
		2AC33EFC2EBACBFF005F9F75 /* PBXContainerItemProxy */ = {
			isa = PBXContainerItemProxy;
			containerPortal = 2AC33ED92EBACBFD005F9F75 /* Project object */;
			proxyType = 1;
			remoteGlobalIDString = 2AC33EE02EBACBFD005F9F75;
			remoteInfo = FireChat;
		};
/* End PBXContainerItemProxy section */

/* Begin PBXFileReference section */
		2AC33EE12EBACBFD005F9F75 /* FireChat.app */ = {isa = PBXFileReference; explicitFileType = wrapper.application; includeInIndex = 0; path = FireChat.app; sourceTree = BUILT_PRODUCTS_DIR; };
		2AC33EF12EBACBFF005F9F75 /* FireChatTests.xctest */ = {isa = PBXFileReference; explicitFileType = wrapper.cfbundle; includeInIndex = 0; path = FireChatTests.xctest; sourceTree = BUILT_PRODUCTS_DIR; };
		2AC33EFB2EBACBFF005F9F75 /* FireChatUITests.xctest */ = {isa = PBXFileReference; explicitFileType = wrapper.cfbundle; includeInIndex = 0; path = FireChatUITests.xctest; sourceTree = BUILT_PRODUCTS_DIR; };
/* End PBXFileReference section */

/* Begin PBXFileSystemSynchronizedRootGroup section */
		2AC33EE32EBACBFD005F9F75 /* FireChat */ = {
			isa = PBXFileSystemSynchronizedRootGroup;
			path = FireChat;
			sourceTree = "<group>";
		};
		2AC33EF42EBACBFF005F9F75 /* FireChatTests */ = {
			isa = PBXFileSystemSynchronizedRootGroup;
			path = FireChatTests;
			sourceTree = "<group>";
		};
		2AC33EFE2EBACBFF005F9F75 /* FireChatUITests */ = {
			isa = PBXFileSystemSynchronizedRootGroup;
			path = FireChatUITests;
			sourceTree = "<group>";
		};
/* End PBXFileSystemSynchronizedRootGroup section */

/* Begin PBXFrameworksBuildPhase section */
		2AC33EDE2EBACBFD005F9F75 /* Frameworks */ = {
			isa = PBXFrameworksBuildPhase;
			buildActionMask = 2147483647;
			files = (
				2A24A5972EBADF0B00E74423 /* FirebaseAppDistribution-Beta in Frameworks */,
				2A24A5A32EBADF0B00E74423 /* FirebaseFirestore in Frameworks */,
				2A24A59B2EBADF0B00E74423 /* FirebaseAuthCombine-Community in Frameworks */,
				2A24A5AD2EBADF0B00E74423 /* FirebaseInstallations in Frameworks */,
				2A24A58D2EBADF0B00E74423 /* FirebaseAILogic in Frameworks */,
				2A24A5932EBADF0B00E74423 /* FirebaseAnalyticsIdentitySupport in Frameworks */,
				2A24A5AB2EBADF0B00E74423 /* FirebaseInAppMessaging-Beta in Frameworks */,
				2A24A5B12EBADF0B00E74423 /* FirebaseMLModelDownloader in Frameworks */,
				2A24A58B2EBADF0B00E74423 /* FirebaseAI in Frameworks */,
				2A24A5AF2EBADF0B00E74423 /* FirebaseMessaging in Frameworks */,
				2A24A5B92EBADF0B00E74423 /* FirebaseStorageCombine-Community in Frameworks */,
				2A24A59F2EBADF0B00E74423 /* FirebaseCrashlytics in Frameworks */,
				2A24A5B72EBADF0B00E74423 /* FirebaseStorage in Frameworks */,
				2A24A5B52EBADF0B00E74423 /* FirebaseRemoteConfig in Frameworks */,
				2A24A5A92EBADF0B00E74423 /* FirebaseFunctionsCombine-Community in Frameworks */,
				2A24A5A12EBADF0B00E74423 /* FirebaseDatabase in Frameworks */,
				2A24A58F2EBADF0B00E74423 /* FirebaseAnalytics in Frameworks */,
				2A24A5B32EBADF0B00E74423 /* FirebasePerformance in Frameworks */,
				2A24A59D2EBADF0B00E74423 /* FirebaseCore in Frameworks */,
				2A24A5952EBADF0B00E74423 /* FirebaseAppCheck in Frameworks */,
				2A24A5912EBADF0B00E74423 /* FirebaseAnalyticsCore in Frameworks */,
				2A24A5A72EBADF0B00E74423 /* FirebaseFunctions in Frameworks */,
				2A24A5992EBADF0B00E74423 /* FirebaseAuth in Frameworks */,
				2A24A5A52EBADF0B00E74423 /* FirebaseFirestoreCombine-Community in Frameworks */,
			);
			runOnlyForDeploymentPostprocessing = 0;
		};
		2AC33EEE2EBACBFF005F9F75 /* Frameworks */ = {
			isa = PBXFrameworksBuildPhase;
			buildActionMask = 2147483647;
			files = (
			);
			runOnlyForDeploymentPostprocessing = 0;
		};
		2AC33EF82EBACBFF005F9F75 /* Frameworks */ = {
			isa = PBXFrameworksBuildPhase;
			buildActionMask = 2147483647;
			files = (
			);
			runOnlyForDeploymentPostprocessing = 0;
		};
/* End PBXFrameworksBuildPhase section */

/* Begin PBXGroup section */
		2A24A5892EBADED400E74423 /* Frameworks */ = {
			isa = PBXGroup;
			children = (
			);
			name = Frameworks;
			sourceTree = "<group>";
		};
		2AC33ED82EBACBFD005F9F75 = {
			isa = PBXGroup;
			children = (
				2AC33EE32EBACBFD005F9F75 /* FireChat */,
				2AC33EF42EBACBFF005F9F75 /* FireChatTests */,
				2AC33EFE2EBACBFF005F9F75 /* FireChatUITests */,
				2A24A5892EBADED400E74423 /* Frameworks */,
				2AC33EE22EBACBFD005F9F75 /* Products */,
			);
			sourceTree = "<group>";
		};
		2AC33EE22EBACBFD005F9F75 /* Products */ = {
			isa = PBXGroup;
			children = (
				2AC33EE12EBACBFD005F9F75 /* FireChat.app */,
				2AC33EF12EBACBFF005F9F75 /* FireChatTests.xctest */,
				2AC33EFB2EBACBFF005F9F75 /* FireChatUITests.xctest */,
			);
			name = Products;
			sourceTree = "<group>";
		};
/* End PBXGroup section */

/* Begin PBXNativeTarget section */
		2AC33EE02EBACBFD005F9F75 /* FireChat */ = {
			isa = PBXNativeTarget;
			buildConfigurationList = 2AC33F052EBACBFF005F9F75 /* Build configuration list for PBXNativeTarget "FireChat" */;
			buildPhases = (
				2AC33EDD2EBACBFD005F9F75 /* Sources */,
				2AC33EDE2EBACBFD005F9F75 /* Frameworks */,
				2AC33EDF2EBACBFD005F9F75 /* Resources */,
			);
			buildRules = (
			);
			dependencies = (
			);
			fileSystemSynchronizedGroups = (
				2AC33EE32EBACBFD005F9F75 /* FireChat */,
			);
			name = FireChat;
			packageProductDependencies = (
				2A24A58A2EBADF0B00E74423 /* FirebaseAI */,
				2A24A58C2EBADF0B00E74423 /* FirebaseAILogic */,
				2A24A58E2EBADF0B00E74423 /* FirebaseAnalytics */,
				2A24A5902EBADF0B00E74423 /* FirebaseAnalyticsCore */,
				2A24A5922EBADF0B00E74423 /* FirebaseAnalyticsIdentitySupport */,
				2A24A5942EBADF0B00E74423 /* FirebaseAppCheck */,
				2A24A5962EBADF0B00E74423 /* FirebaseAppDistribution-Beta */,
				2A24A5982EBADF0B00E74423 /* FirebaseAuth */,
				2A24A59A2EBADF0B00E74423 /* FirebaseAuthCombine-Community */,
				2A24A59C2EBADF0B00E74423 /* FirebaseCore */,
				2A24A59E2EBADF0B00E74423 /* FirebaseCrashlytics */,
				2A24A5A02EBADF0B00E74423 /* FirebaseDatabase */,
				2A24A5A22EBADF0B00E74423 /* FirebaseFirestore */,
				2A24A5A42EBADF0B00E74423 /* FirebaseFirestoreCombine-Community */,
				2A24A5A62EBADF0B00E74423 /* FirebaseFunctions */,
				2A24A5A82EBADF0B00E74423 /* FirebaseFunctionsCombine-Community */,
				2A24A5AA2EBADF0B00E74423 /* FirebaseInAppMessaging-Beta */,
				2A24A5AC2EBADF0B00E74423 /* FirebaseInstallations */,
				2A24A5AE2EBADF0B00E74423 /* FirebaseMessaging */,
				2A24A5B02EBADF0B00E74423 /* FirebaseMLModelDownloader */,
				2A24A5B22EBADF0B00E74423 /* FirebasePerformance */,
				2A24A5B42EBADF0B00E74423 /* FirebaseRemoteConfig */,
				2A24A5B62EBADF0B00E74423 /* FirebaseStorage */,
				2A24A5B82EBADF0B00E74423 /* FirebaseStorageCombine-Community */,
			);
			productName = FireChat;
			productReference = 2AC33EE12EBACBFD005F9F75 /* FireChat.app */;
			productType = "com.apple.product-type.application";
		};
		2AC33EF02EBACBFF005F9F75 /* FireChatTests */ = {
			isa = PBXNativeTarget;
			buildConfigurationList = 2AC33F082EBACBFF005F9F75 /* Build configuration list for PBXNativeTarget "FireChatTests" */;
			buildPhases = (
				2AC33EED2EBACBFF005F9F75 /* Sources */,
				2AC33EEE2EBACBFF005F9F75 /* Frameworks */,
				2AC33EEF2EBACBFF005F9F75 /* Resources */,
			);
			buildRules = (
			);
			dependencies = (
				2AC33EF32EBACBFF005F9F75 /* PBXTargetDependency */,
			);
			fileSystemSynchronizedGroups = (
				2AC33EF42EBACBFF005F9F75 /* FireChatTests */,
			);
			name = FireChatTests;
			packageProductDependencies = (
			);
			productName = FireChatTests;
			productReference = 2AC33EF12EBACBFF005F9F75 /* FireChatTests.xctest */;
			productType = "com.apple.product-type.bundle.unit-test";
		};
		2AC33EFA2EBACBFF005F9F75 /* FireChatUITests */ = {
			isa = PBXNativeTarget;
			buildConfigurationList = 2AC33F0B2EBACBFF005F9F75 /* Build configuration list for PBXNativeTarget "FireChatUITests" */;
			buildPhases = (
				2AC33EF72EBACBFF005F9F75 /* Sources */,
				2AC33EF82EBACBFF005F9F75 /* Frameworks */,
				2AC33EF92EBACBFF005F9F75 /* Resources */,
			);
			buildRules = (
			);
			dependencies = (
				2AC33EFD2EBACBFF005F9F75 /* PBXTargetDependency */,
			);
			fileSystemSynchronizedGroups = (
				2AC33EFE2EBACBFF005F9F75 /* FireChatUITests */,
			);
			name = FireChatUITests;
			packageProductDependencies = (
			);
			productName = FireChatUITests;
			productReference = 2AC33EFB2EBACBFF005F9F75 /* FireChatUITests.xctest */;
			productType = "com.apple.product-type.bundle.ui-testing";
		};
/* End PBXNativeTarget section */

/* Begin PBXProject section */
		2AC33ED92EBACBFD005F9F75 /* Project object */ = {
			isa = PBXProject;
			attributes = {
				BuildIndependentTargetsInParallel = 1;
				LastSwiftUpdateCheck = 1620;
				LastUpgradeCheck = 1620;
				TargetAttributes = {
					2AC33EE02EBACBFD005F9F75 = {
						CreatedOnToolsVersion = 16.2;
					};
					2AC33EF02EBACBFF005F9F75 = {
						CreatedOnToolsVersion = 16.2;
						TestTargetID = 2AC33EE02EBACBFD005F9F75;
					};
					2AC33EFA2EBACBFF005F9F75 = {
						CreatedOnToolsVersion = 16.2;
						TestTargetID = 2AC33EE02EBACBFD005F9F75;
					};
				};
			};
			buildConfigurationList = 2AC33EDC2EBACBFD005F9F75 /* Build configuration list for PBXProject "FireChat" */;
			developmentRegion = en;
			hasScannedForEncodings = 0;
			knownRegions = (
				en,
				Base,
			);
			mainGroup = 2AC33ED82EBACBFD005F9F75;
			minimizedProjectReferenceProxies = 1;
			packageReferences = (
				2AC33F0E2EBADAAA005F9F75 /* XCRemoteSwiftPackageReference "firebase-ios-sdk" */,
			);
			preferredProjectObjectVersion = 77;
			productRefGroup = 2AC33EE22EBACBFD005F9F75 /* Products */;
			projectDirPath = "";
			projectRoot = "";
			targets = (
				2AC33EE02EBACBFD005F9F75 /* FireChat */,
				2AC33EF02EBACBFF005F9F75 /* FireChatTests */,
				2AC33EFA2EBACBFF005F9F75 /* FireChatUITests */,
			);
		};
/* End PBXProject section */

/* Begin PBXResourcesBuildPhase section */
		2AC33EDF2EBACBFD005F9F75 /* Resources */ = {
			isa = PBXResourcesBuildPhase;
			buildActionMask = 2147483647;
			files = (
			);
			runOnlyForDeploymentPostprocessing = 0;
		};
		2AC33EEF2EBACBFF005F9F75 /* Resources */ = {
			isa = PBXResourcesBuildPhase;
			buildActionMask = 2147483647;
			files = (
			);
			runOnlyForDeploymentPostprocessing = 0;
		};
		2AC33EF92EBACBFF005F9F75 /* Resources */ = {
			isa = PBXResourcesBuildPhase;
			buildActionMask = 2147483647;
			files = (
			);
			runOnlyForDeploymentPostprocessing = 0;
		};
/* End PBXResourcesBuildPhase section */

/* Begin PBXSourcesBuildPhase section */
		2AC33EDD2EBACBFD005F9F75 /* Sources */ = {
			isa = PBXSourcesBuildPhase;
			buildActionMask = 2147483647;
			files = (
			);
			runOnlyForDeploymentPostprocessing = 0;
		};
		2AC33EED2EBACBFF005F9F75 /* Sources */ = {
			isa = PBXSourcesBuildPhase;
			buildActionMask = 2147483647;
			files = (
			);
			runOnlyForDeploymentPostprocessing = 0;
		};
		2AC33EF72EBACBFF005F9F75 /* Sources */ = {
			isa = PBXSourcesBuildPhase;
			buildActionMask = 2147483647;
			files = (
			);
			runOnlyForDeploymentPostprocessing = 0;
		};
/* End PBXSourcesBuildPhase section */

/* Begin PBXTargetDependency section */
		2AC33EF32EBACBFF005F9F75 /* PBXTargetDependency */ = {
			isa = PBXTargetDependency;
			target = 2AC33EE02EBACBFD005F9F75 /* FireChat */;
			targetProxy = 2AC33EF22EBACBFF005F9F75 /* PBXContainerItemProxy */;
		};
		2AC33EFD2EBACBFF005F9F75 /* PBXTargetDependency */ = {
			isa = PBXTargetDependency;
			target = 2AC33EE02EBACBFD005F9F75 /* FireChat */;
			targetProxy = 2AC33EFC2EBACBFF005F9F75 /* PBXContainerItemProxy */;
		};
/* End PBXTargetDependency section */

/* Begin XCBuildConfiguration section */
		2AC33F032EBACBFF005F9F75 /* Debug */ = {
			isa = XCBuildConfiguration;
			buildSettings = {
				ALWAYS_SEARCH_USER_PATHS = NO;
				ASSETCATALOG_COMPILER_GENERATE_SWIFT_ASSET_SYMBOL_EXTENSIONS = YES;
				CLANG_ANALYZER_NONNULL = YES;
				CLANG_ANALYZER_NUMBER_OBJECT_CONVERSION = YES_AGGRESSIVE;
				CLANG_CXX_LANGUAGE_STANDARD = "gnu++20";
				CLANG_ENABLE_MODULES = YES;
				CLANG_ENABLE_OBJC_ARC = YES;
				CLANG_ENABLE_OBJC_WEAK = YES;
				CLANG_WARN_BLOCK_CAPTURE_AUTORELEASING = YES;
				CLANG_WARN_BOOL_CONVERSION = YES;
				CLANG_WARN_COMMA = YES;
				CLANG_WARN_CONSTANT_CONVERSION = YES;
				CLANG_WARN_DEPRECATED_OBJC_IMPLEMENTATIONS = YES;
				CLANG_WARN_DIRECT_OBJC_ISA_USAGE = YES_ERROR;
				CLANG_WARN_DOCUMENTATION_COMMENTS = YES;
				CLANG_WARN_EMPTY_BODY = YES;
				CLANG_WARN_ENUM_CONVERSION = YES;
				CLANG_WARN_INFINITE_RECURSION = YES;
				CLANG_WARN_INT_CONVERSION = YES;
				CLANG_WARN_NON_LITERAL_NULL_CONVERSION = YES;
				CLANG_WARN_OBJC_IMPLICIT_RETAIN_SELF = YES;
				CLANG_WARN_OBJC_LITERAL_CONVERSION = YES;
				CLANG_WARN_OBJC_ROOT_CLASS = YES_ERROR;
				CLANG_WARN_QUOTED_INCLUDE_IN_FRAMEWORK_HEADER = YES;
				CLANG_WARN_RANGE_LOOP_ANALYSIS = YES;
				CLANG_WARN_STRICT_PROTOTYPES = YES;
				CLANG_WARN_SUSPICIOUS_MOVE = YES;
				CLANG_WARN_UNGUARDED_AVAILABILITY = YES_AGGRESSIVE;
				CLANG_WARN_UNREACHABLE_CODE = YES;
				CLANG_WARN__DUPLICATE_METHOD_MATCH = YES;
				COPY_PHASE_STRIP = NO;
				DEBUG_INFORMATION_FORMAT = dwarf;
				ENABLE_STRICT_OBJC_MSGSEND = YES;
				ENABLE_TESTABILITY = YES;
				ENABLE_USER_SCRIPT_SANDBOXING = YES;
				GCC_C_LANGUAGE_STANDARD = gnu17;
				GCC_DYNAMIC_NO_PIC = NO;
				GCC_NO_COMMON_BLOCKS = YES;
				GCC_OPTIMIZATION_LEVEL = 0;
				GCC_PREPROCESSOR_DEFINITIONS = (
					"DEBUG=1",
					"$(inherited)",
				);
				GCC_WARN_64_TO_32_BIT_CONVERSION = YES;
				GCC_WARN_ABOUT_RETURN_TYPE = YES_ERROR;
				GCC_WARN_UNDECLARED_SELECTOR = YES;
				GCC_WARN_UNINITIALIZED_AUTOS = YES_AGGRESSIVE;
				GCC_WARN_UNUSED_FUNCTION = YES;
				GCC_WARN_UNUSED_VARIABLE = YES;
				IPHONEOS_DEPLOYMENT_TARGET = 18.2;
				LOCALIZATION_PREFERS_STRING_CATALOGS = YES;
				MTL_ENABLE_DEBUG_INFO = INCLUDE_SOURCE;
				MTL_FAST_MATH = YES;
				ONLY_ACTIVE_ARCH = YES;
				SDKROOT = iphoneos;
				SWIFT_ACTIVE_COMPILATION_CONDITIONS = "DEBUG $(inherited)";
				SWIFT_OPTIMIZATION_LEVEL = "-Onone";
			};
			name = Debug;
		};
		2AC33F042EBACBFF005F9F75 /* Release */ = {
			isa = XCBuildConfiguration;
			buildSettings = {
				ALWAYS_SEARCH_USER_PATHS = NO;
				ASSETCATALOG_COMPILER_GENERATE_SWIFT_ASSET_SYMBOL_EXTENSIONS = YES;
				CLANG_ANALYZER_NONNULL = YES;
				CLANG_ANALYZER_NUMBER_OBJECT_CONVERSION = YES_AGGRESSIVE;
				CLANG_CXX_LANGUAGE_STANDARD = "gnu++20";
				CLANG_ENABLE_MODULES = YES;
				CLANG_ENABLE_OBJC_ARC = YES;
				CLANG_ENABLE_OBJC_WEAK = YES;
				CLANG_WARN_BLOCK_CAPTURE_AUTORELEASING = YES;
				CLANG_WARN_BOOL_CONVERSION = YES;
				CLANG_WARN_COMMA = YES;
				CLANG_WARN_CONSTANT_CONVERSION = YES;
				CLANG_WARN_DEPRECATED_OBJC_IMPLEMENTATIONS = YES;
				CLANG_WARN_DIRECT_OBJC_ISA_USAGE = YES_ERROR;
				CLANG_WARN_DOCUMENTATION_COMMENTS = YES;
				CLANG_WARN_EMPTY_BODY = YES;
				CLANG_WARN_ENUM_CONVERSION = YES;
				CLANG_WARN_INFINITE_RECURSION = YES;
				CLANG_WARN_INT_CONVERSION = YES;
				CLANG_WARN_NON_LITERAL_NULL_CONVERSION = YES;
				CLANG_WARN_OBJC_IMPLICIT_RETAIN_SELF = YES;
				CLANG_WARN_OBJC_LITERAL_CONVERSION = YES;
				CLANG_WARN_OBJC_ROOT_CLASS = YES_ERROR;
				CLANG_WARN_QUOTED_INCLUDE_IN_FRAMEWORK_HEADER = YES;
				CLANG_WARN_RANGE_LOOP_ANALYSIS = YES;
				CLANG_WARN_STRICT_PROTOTYPES = YES;
				CLANG_WARN_SUSPICIOUS_MOVE = YES;
				CLANG_WARN_UNGUARDED_AVAILABILITY = YES_AGGRESSIVE;
				CLANG_WARN_UNREACHABLE_CODE = YES;
				CLANG_WARN__DUPLICATE_METHOD_MATCH = YES;
				COPY_PHASE_STRIP = NO;
				DEBUG_INFORMATION_FORMAT = "dwarf-with-dsym";
				ENABLE_NS_ASSERTIONS = NO;
				ENABLE_STRICT_OBJC_MSGSEND = YES;
				ENABLE_USER_SCRIPT_SANDBOXING = YES;
				GCC_C_LANGUAGE_STANDARD = gnu17;
				GCC_NO_COMMON_BLOCKS = YES;
				GCC_WARN_64_TO_32_BIT_CONVERSION = YES;
				GCC_WARN_ABOUT_RETURN_TYPE = YES_ERROR;
				GCC_WARN_UNDECLARED_SELECTOR = YES;
				GCC_WARN_UNINITIALIZED_AUTOS = YES_AGGRESSIVE;
				GCC_WARN_UNUSED_FUNCTION = YES;
				GCC_WARN_UNUSED_VARIABLE = YES;
				IPHONEOS_DEPLOYMENT_TARGET = 18.2;
				LOCALIZATION_PREFERS_STRING_CATALOGS = YES;
				MTL_ENABLE_DEBUG_INFO = NO;
				MTL_FAST_MATH = YES;
				SDKROOT = iphoneos;
				SWIFT_COMPILATION_MODE = wholemodule;
				VALIDATE_PRODUCT = YES;
			};
			name = Release;
		};
		2AC33F062EBACBFF005F9F75 /* Debug */ = {
			isa = XCBuildConfiguration;
			buildSettings = {
				ASSETCATALOG_COMPILER_APPICON_NAME = AppIcon;
				ASSETCATALOG_COMPILER_GLOBAL_ACCENT_COLOR_NAME = AccentColor;
				CODE_SIGN_STYLE = Automatic;
				CURRENT_PROJECT_VERSION = 1;
				DEVELOPMENT_ASSET_PATHS = "\"FireChat/Preview Content\"";
				ENABLE_PREVIEWS = YES;
				GENERATE_INFOPLIST_FILE = YES;
				INFOPLIST_KEY_UIApplicationSceneManifest_Generation = YES;
				INFOPLIST_KEY_UIApplicationSupportsIndirectInputEvents = YES;
				INFOPLIST_KEY_UILaunchScreen_Generation = YES;
				INFOPLIST_KEY_UISupportedInterfaceOrientations_iPad = "UIInterfaceOrientationPortrait UIInterfaceOrientationPortraitUpsideDown UIInterfaceOrientationLandscapeLeft UIInterfaceOrientationLandscapeRight";
				INFOPLIST_KEY_UISupportedInterfaceOrientations_iPhone = "UIInterfaceOrientationPortrait UIInterfaceOrientationLandscapeLeft UIInterfaceOrientationLandscapeRight";
				LD_RUNPATH_SEARCH_PATHS = (
					"$(inherited)",
					"@executable_path/Frameworks",
				);
				MARKETING_VERSION = 1.0;
				PRODUCT_BUNDLE_IDENTIFIER = BeRealLab.FireChat;
				PRODUCT_NAME = "$(TARGET_NAME)";
				SWIFT_EMIT_LOC_STRINGS = YES;
				SWIFT_VERSION = 5.0;
				TARGETED_DEVICE_FAMILY = "1,2";
			};
			name = Debug;
		};
		2AC33F072EBACBFF005F9F75 /* Release */ = {
			isa = XCBuildConfiguration;
			buildSettings = {
				ASSETCATALOG_COMPILER_APPICON_NAME = AppIcon;
				ASSETCATALOG_COMPILER_GLOBAL_ACCENT_COLOR_NAME = AccentColor;
				CODE_SIGN_STYLE = Automatic;
				CURRENT_PROJECT_VERSION = 1;
				DEVELOPMENT_ASSET_PATHS = "\"FireChat/Preview Content\"";
				ENABLE_PREVIEWS = YES;
				GENERATE_INFOPLIST_FILE = YES;
				INFOPLIST_KEY_UIApplicationSceneManifest_Generation = YES;
				INFOPLIST_KEY_UIApplicationSupportsIndirectInputEvents = YES;
				INFOPLIST_KEY_UILaunchScreen_Generation = YES;
				INFOPLIST_KEY_UISupportedInterfaceOrientations_iPad = "UIInterfaceOrientationPortrait UIInterfaceOrientationPortraitUpsideDown UIInterfaceOrientationLandscapeLeft UIInterfaceOrientationLandscapeRight";
				INFOPLIST_KEY_UISupportedInterfaceOrientations_iPhone = "UIInterfaceOrientationPortrait UIInterfaceOrientationLandscapeLeft UIInterfaceOrientationLandscapeRight";
				LD_RUNPATH_SEARCH_PATHS = (
					"$(inherited)",
					"@executable_path/Frameworks",
				);
				MARKETING_VERSION = 1.0;
				PRODUCT_BUNDLE_IDENTIFIER = BeRealLab.FireChat;
				PRODUCT_NAME = "$(TARGET_NAME)";
				SWIFT_EMIT_LOC_STRINGS = YES;
				SWIFT_VERSION = 5.0;
				TARGETED_DEVICE_FAMILY = "1,2";
			};
			name = Release;
		};
		2AC33F092EBACBFF005F9F75 /* Debug */ = {
			isa = XCBuildConfiguration;
			buildSettings = {
				BUNDLE_LOADER = "$(TEST_HOST)";
				CODE_SIGN_STYLE = Automatic;
				CURRENT_PROJECT_VERSION = 1;
				GENERATE_INFOPLIST_FILE = YES;
				IPHONEOS_DEPLOYMENT_TARGET = 18.2;
				MARKETING_VERSION = 1.0;
				PRODUCT_BUNDLE_IDENTIFIER = BeRealLab.FireChatTests;
				PRODUCT_NAME = "$(TARGET_NAME)";
				SWIFT_EMIT_LOC_STRINGS = NO;
				SWIFT_VERSION = 5.0;
				TARGETED_DEVICE_FAMILY = "1,2";
				TEST_HOST = "$(BUILT_PRODUCTS_DIR)/FireChat.app/$(BUNDLE_EXECUTABLE_FOLDER_PATH)/FireChat";
			};
			name = Debug;
		};
		2AC33F0A2EBACBFF005F9F75 /* Release */ = {
			isa = XCBuildConfiguration;
			buildSettings = {
				BUNDLE_LOADER = "$(TEST_HOST)";
				CODE_SIGN_STYLE = Automatic;
				CURRENT_PROJECT_VERSION = 1;
				GENERATE_INFOPLIST_FILE = YES;
				IPHONEOS_DEPLOYMENT_TARGET = 18.2;
				MARKETING_VERSION = 1.0;
				PRODUCT_BUNDLE_IDENTIFIER = BeRealLab.FireChatTests;
				PRODUCT_NAME = "$(TARGET_NAME)";
				SWIFT_EMIT_LOC_STRINGS = NO;
				SWIFT_VERSION = 5.0;
				TARGETED_DEVICE_FAMILY = "1,2";
				TEST_HOST = "$(BUILT_PRODUCTS_DIR)/FireChat.app/$(BUNDLE_EXECUTABLE_FOLDER_PATH)/FireChat";
			};
			name = Release;
		};
		2AC33F0C2EBACBFF005F9F75 /* Debug */ = {
			isa = XCBuildConfiguration;
			buildSettings = {
				CODE_SIGN_STYLE = Automatic;
				CURRENT_PROJECT_VERSION = 1;
				GENERATE_INFOPLIST_FILE = YES;
				MARKETING_VERSION = 1.0;
				PRODUCT_BUNDLE_IDENTIFIER = BeRealLab.FireChatUITests;
				PRODUCT_NAME = "$(TARGET_NAME)";
				SWIFT_EMIT_LOC_STRINGS = NO;
				SWIFT_VERSION = 5.0;
				TARGETED_DEVICE_FAMILY = "1,2";
				TEST_TARGET_NAME = FireChat;
			};
			name = Debug;
		};
		2AC33F0D2EBACBFF005F9F75 /* Release */ = {
			isa = XCBuildConfiguration;
			buildSettings = {
				CODE_SIGN_STYLE = Automatic;
				CURRENT_PROJECT_VERSION = 1;
				GENERATE_INFOPLIST_FILE = YES;
				MARKETING_VERSION = 1.0;
				PRODUCT_BUNDLE_IDENTIFIER = BeRealLab.FireChatUITests;
				PRODUCT_NAME = "$(TARGET_NAME)";
				SWIFT_EMIT_LOC_STRINGS = NO;
				SWIFT_VERSION = 5.0;
				TARGETED_DEVICE_FAMILY = "1,2";
				TEST_TARGET_NAME = FireChat;
			};
			name = Release;
		};
/* End XCBuildConfiguration section */

/* Begin XCConfigurationList section */
		2AC33EDC2EBACBFD005F9F75 /* Build configuration list for PBXProject "FireChat" */ = {
			isa = XCConfigurationList;
			buildConfigurations = (
				2AC33F032EBACBFF005F9F75 /* Debug */,
				2AC33F042EBACBFF005F9F75 /* Release */,
			);
			defaultConfigurationIsVisible = 0;
			defaultConfigurationName = Release;
		};
		2AC33F052EBACBFF005F9F75 /* Build configuration list for PBXNativeTarget "FireChat" */ = {
			isa = XCConfigurationList;
			buildConfigurations = (
				2AC33F062EBACBFF005F9F75 /* Debug */,
				2AC33F072EBACBFF005F9F75 /* Release */,
			);
			defaultConfigurationIsVisible = 0;
			defaultConfigurationName = Release;
		};
		2AC33F082EBACBFF005F9F75 /* Build configuration list for PBXNativeTarget "FireChatTests" */ = {
			isa = XCConfigurationList;
			buildConfigurations = (
				2AC33F092EBACBFF005F9F75 /* Debug */,
				2AC33F0A2EBACBFF005F9F75 /* Release */,
			);
			defaultConfigurationIsVisible = 0;
			defaultConfigurationName = Release;
		};
		2AC33F0B2EBACBFF005F9F75 /* Build configuration list for PBXNativeTarget "FireChatUITests" */ = {
			isa = XCConfigurationList;
			buildConfigurations = (
				2AC33F0C2EBACBFF005F9F75 /* Debug */,
				2AC33F0D2EBACBFF005F9F75 /* Release */,
			);
			defaultConfigurationIsVisible = 0;
			defaultConfigurationName = Release;
		};
/* End XCConfigurationList section */

/* Begin XCRemoteSwiftPackageReference section */
		2AC33F0E2EBADAAA005F9F75 /* XCRemoteSwiftPackageReference "firebase-ios-sdk" */ = {
			isa = XCRemoteSwiftPackageReference;
			repositoryURL = "https://github.com/firebase/firebase-ios-sdk";
			requirement = {
				kind = upToNextMajorVersion;
				minimumVersion = 12.5.0;
			};
		};
/* End XCRemoteSwiftPackageReference section */

/* Begin XCSwiftPackageProductDependency section */
		2A24A58A2EBADF0B00E74423 /* FirebaseAI */ = {
			isa = XCSwiftPackageProductDependency;
			package = 2AC33F0E2EBADAAA005F9F75 /* XCRemoteSwiftPackageReference "firebase-ios-sdk" */;
			productName = FirebaseAI;
		};
		2A24A58C2EBADF0B00E74423 /* FirebaseAILogic */ = {
			isa = XCSwiftPackageProductDependency;
			package = 2AC33F0E2EBADAAA005F9F75 /* XCRemoteSwiftPackageReference "firebase-ios-sdk" */;
			productName = FirebaseAILogic;
		};
		2A24A58E2EBADF0B00E74423 /* FirebaseAnalytics */ = {
			isa = XCSwiftPackageProductDependency;
			package = 2AC33F0E2EBADAAA005F9F75 /* XCRemoteSwiftPackageReference "firebase-ios-sdk" */;
			productName = FirebaseAnalytics;
		};
		2A24A5902EBADF0B00E74423 /* FirebaseAnalyticsCore */ = {
			isa = XCSwiftPackageProductDependency;
			package = 2AC33F0E2EBADAAA005F9F75 /* XCRemoteSwiftPackageReference "firebase-ios-sdk" */;
			productName = FirebaseAnalyticsCore;
		};
		2A24A5922EBADF0B00E74423 /* FirebaseAnalyticsIdentitySupport */ = {
			isa = XCSwiftPackageProductDependency;
			package = 2AC33F0E2EBADAAA005F9F75 /* XCRemoteSwiftPackageReference "firebase-ios-sdk" */;
			productName = FirebaseAnalyticsIdentitySupport;
		};
		2A24A5942EBADF0B00E74423 /* FirebaseAppCheck */ = {
			isa = XCSwiftPackageProductDependency;
			package = 2AC33F0E2EBADAAA005F9F75 /* XCRemoteSwiftPackageReference "firebase-ios-sdk" */;
			productName = FirebaseAppCheck;
		};
		2A24A5962EBADF0B00E74423 /* FirebaseAppDistribution-Beta */ = {
			isa = XCSwiftPackageProductDependency;
			package = 2AC33F0E2EBADAAA005F9F75 /* XCRemoteSwiftPackageReference "firebase-ios-sdk" */;
			productName = "FirebaseAppDistribution-Beta";
		};
		2A24A5982EBADF0B00E74423 /* FirebaseAuth */ = {
			isa = XCSwiftPackageProductDependency;
			package = 2AC33F0E2EBADAAA005F9F75 /* XCRemoteSwiftPackageReference "firebase-ios-sdk" */;
			productName = FirebaseAuth;
		};
		2A24A59A2EBADF0B00E74423 /* FirebaseAuthCombine-Community */ = {
			isa = XCSwiftPackageProductDependency;
			package = 2AC33F0E2EBADAAA005F9F75 /* XCRemoteSwiftPackageReference "firebase-ios-sdk" */;
			productName = "FirebaseAuthCombine-Community";
		};
		2A24A59C2EBADF0B00E74423 /* FirebaseCore */ = {
			isa = XCSwiftPackageProductDependency;
			package = 2AC33F0E2EBADAAA005F9F75 /* XCRemoteSwiftPackageReference "firebase-ios-sdk" */;
			productName = FirebaseCore;
		};
		2A24A59E2EBADF0B00E74423 /* FirebaseCrashlytics */ = {
			isa = XCSwiftPackageProductDependency;
			package = 2AC33F0E2EBADAAA005F9F75 /* XCRemoteSwiftPackageReference "firebase-ios-sdk" */;
			productName = FirebaseCrashlytics;
		};
		2A24A5A02EBADF0B00E74423 /* FirebaseDatabase */ = {
			isa = XCSwiftPackageProductDependency;
			package = 2AC33F0E2EBADAAA005F9F75 /* XCRemoteSwiftPackageReference "firebase-ios-sdk" */;
			productName = FirebaseDatabase;
		};
		2A24A5A22EBADF0B00E74423 /* FirebaseFirestore */ = {
			isa = XCSwiftPackageProductDependency;
			package = 2AC33F0E2EBADAAA005F9F75 /* XCRemoteSwiftPackageReference "firebase-ios-sdk" */;
			productName = FirebaseFirestore;
		};
		2A24A5A42EBADF0B00E74423 /* FirebaseFirestoreCombine-Community */ = {
			isa = XCSwiftPackageProductDependency;
			package = 2AC33F0E2EBADAAA005F9F75 /* XCRemoteSwiftPackageReference "firebase-ios-sdk" */;
			productName = "FirebaseFirestoreCombine-Community";
		};
		2A24A5A62EBADF0B00E74423 /* FirebaseFunctions */ = {
			isa = XCSwiftPackageProductDependency;
			package = 2AC33F0E2EBADAAA005F9F75 /* XCRemoteSwiftPackageReference "firebase-ios-sdk" */;
			productName = FirebaseFunctions;
		};
		2A24A5A82EBADF0B00E74423 /* FirebaseFunctionsCombine-Community */ = {
			isa = XCSwiftPackageProductDependency;
			package = 2AC33F0E2EBADAAA005F9F75 /* XCRemoteSwiftPackageReference "firebase-ios-sdk" */;
			productName = "FirebaseFunctionsCombine-Community";
		};
		2A24A5AA2EBADF0B00E74423 /* FirebaseInAppMessaging-Beta */ = {
			isa = XCSwiftPackageProductDependency;
			package = 2AC33F0E2EBADAAA005F9F75 /* XCRemoteSwiftPackageReference "firebase-ios-sdk" */;
			productName = "FirebaseInAppMessaging-Beta";
		};
		2A24A5AC2EBADF0B00E74423 /* FirebaseInstallations */ = {
			isa = XCSwiftPackageProductDependency;
			package = 2AC33F0E2EBADAAA005F9F75 /* XCRemoteSwiftPackageReference "firebase-ios-sdk" */;
			productName = FirebaseInstallations;
		};
		2A24A5AE2EBADF0B00E74423 /* FirebaseMessaging */ = {
			isa = XCSwiftPackageProductDependency;
			package = 2AC33F0E2EBADAAA005F9F75 /* XCRemoteSwiftPackageReference "firebase-ios-sdk" */;
			productName = FirebaseMessaging;
		};
		2A24A5B02EBADF0B00E74423 /* FirebaseMLModelDownloader */ = {
			isa = XCSwiftPackageProductDependency;
			package = 2AC33F0E2EBADAAA005F9F75 /* XCRemoteSwiftPackageReference "firebase-ios-sdk" */;
			productName = FirebaseMLModelDownloader;
		};
		2A24A5B22EBADF0B00E74423 /* FirebasePerformance */ = {
			isa = XCSwiftPackageProductDependency;
			package = 2AC33F0E2EBADAAA005F9F75 /* XCRemoteSwiftPackageReference "firebase-ios-sdk" */;
			productName = FirebasePerformance;
		};
		2A24A5B42EBADF0B00E74423 /* FirebaseRemoteConfig */ = {
			isa = XCSwiftPackageProductDependency;
			package = 2AC33F0E2EBADAAA005F9F75 /* XCRemoteSwiftPackageReference "firebase-ios-sdk" */;
			productName = FirebaseRemoteConfig;
		};
		2A24A5B62EBADF0B00E74423 /* FirebaseStorage */ = {
			isa = XCSwiftPackageProductDependency;
			package = 2AC33F0E2EBADAAA005F9F75 /* XCRemoteSwiftPackageReference "firebase-ios-sdk" */;
			productName = FirebaseStorage;
		};
		2A24A5B82EBADF0B00E74423 /* FirebaseStorageCombine-Community */ = {
			isa = XCSwiftPackageProductDependency;
			package = 2AC33F0E2EBADAAA005F9F75 /* XCRemoteSwiftPackageReference "firebase-ios-sdk" */;
			productName = "FirebaseStorageCombine-Community";
		};
/* End XCSwiftPackageProductDependency section */
	};
	rootObject = 2AC33ED92EBACBFD005F9F75 /* Project object */;
}
